// !$*UTF8*$!
{
	archiveVersion = 1;
	classes = {
	};
	objectVersion = 46;
	objects = {

/* Begin PBXBuildFile section */
		47C571D01A4B5D9F001B4DC2 /* main.m in Sources */ = {isa = PBXBuildFile; fileRef = 47C571CF1A4B5D9F001B4DC2 /* main.m */; };
		47C571D31A4B5D9F001B4DC2 /* AppDelegate.m in Sources */ = {isa = PBXBuildFile; fileRef = 47C571D21A4B5D9F001B4DC2 /* AppDelegate.m */; };
		47C571D61A4B5D9F001B4DC2 /* ViewController.m in Sources */ = {isa = PBXBuildFile; fileRef = 47C571D51A4B5D9F001B4DC2 /* ViewController.m */; };
		47C571D91A4B5D9F001B4DC2 /* Main.storyboard in Resources */ = {isa = PBXBuildFile; fileRef = 47C571D71A4B5D9F001B4DC2 /* Main.storyboard */; };
		47C571DB1A4B5D9F001B4DC2 /* Images.xcassets in Resources */ = {isa = PBXBuildFile; fileRef = 47C571DA1A4B5D9F001B4DC2 /* Images.xcassets */; };
		47C571DE1A4B5D9F001B4DC2 /* LaunchScreen.xib in Resources */ = {isa = PBXBuildFile; fileRef = 47C571DC1A4B5D9F001B4DC2 /* LaunchScreen.xib */; };
		47C571EA1A4B5D9F001B4DC2 /* SensorProjectTests.m in Sources */ = {isa = PBXBuildFile; fileRef = 47C571E91A4B5D9F001B4DC2 /* SensorProjectTests.m */; };
/* End PBXBuildFile section */

/* Begin PBXContainerItemProxy section */
		47C571E41A4B5D9F001B4DC2 /* PBXContainerItemProxy */ = {
			isa = PBXContainerItemProxy;
			containerPortal = 47C571C21A4B5D9F001B4DC2 /* Project object */;
			proxyType = 1;
			remoteGlobalIDString = 47C571C91A4B5D9F001B4DC2;
			remoteInfo = SensorProject;
		};
/* End PBXContainerItemProxy section */

/* Begin PBXFileReference section */
		47C571CA1A4B5D9F001B4DC2 /* SensorProject.app */ = {isa = PBXFileReference; explicitFileType = wrapper.application; includeInIndex = 0; path = SensorProject.app; sourceTree = BUILT_PRODUCTS_DIR; };
		47C571CE1A4B5D9F001B4DC2 /* Info.plist */ = {isa = PBXFileReference; lastKnownFileType = text.plist.xml; path = Info.plist; sourceTree = "<group>"; };
		47C571CF1A4B5D9F001B4DC2 /* main.m */ = {isa = PBXFileReference; lastKnownFileType = sourcecode.c.objc; path = main.m; sourceTree = "<group>"; };
		47C571D11A4B5D9F001B4DC2 /* AppDelegate.h */ = {isa = PBXFileReference; lastKnownFileType = sourcecode.c.h; path = AppDelegate.h; sourceTree = "<group>"; };
		47C571D21A4B5D9F001B4DC2 /* AppDelegate.m */ = {isa = PBXFileReference; lastKnownFileType = sourcecode.c.objc; path = AppDelegate.m; sourceTree = "<group>"; };
		47C571D41A4B5D9F001B4DC2 /* ViewController.h */ = {isa = PBXFileReference; lastKnownFileType = sourcecode.c.h; path = ViewController.h; sourceTree = "<group>"; };
		47C571D51A4B5D9F001B4DC2 /* ViewController.m */ = {isa = PBXFileReference; lastKnownFileType = sourcecode.c.objc; path = ViewController.m; sourceTree = "<group>"; };
		47C571D81A4B5D9F001B4DC2 /* Base */ = {isa = PBXFileReference; lastKnownFileType = file.storyboard; name = Base; path = Base.lproj/Main.storyboard; sourceTree = "<group>"; };
		47C571DA1A4B5D9F001B4DC2 /* Images.xcassets */ = {isa = PBXFileReference; lastKnownFileType = folder.assetcatalog; path = Images.xcassets; sourceTree = "<group>"; };
		47C571DD1A4B5D9F001B4DC2 /* Base */ = {isa = PBXFileReference; lastKnownFileType = file.xib; name = Base; path = Base.lproj/LaunchScreen.xib; sourceTree = "<group>"; };
		47C571E31A4B5D9F001B4DC2 /* SensorProjectTests.xctest */ = {isa = PBXFileReference; explicitFileType = wrapper.cfbundle; includeInIndex = 0; path = SensorProjectTests.xctest; sourceTree = BUILT_PRODUCTS_DIR; };
		47C571E81A4B5D9F001B4DC2 /* Info.plist */ = {isa = PBXFileReference; lastKnownFileType = text.plist.xml; path = Info.plist; sourceTree = "<group>"; };
		47C571E91A4B5D9F001B4DC2 /* SensorProjectTests.m */ = {isa = PBXFileReference; lastKnownFileType = sourcecode.c.objc; path = SensorProjectTests.m; sourceTree = "<group>"; };
/* End PBXFileReference section */

/* Begin PBXFrameworksBuildPhase section */
		47C571C71A4B5D9F001B4DC2 /* Frameworks */ = {
			isa = PBXFrameworksBuildPhase;
			buildActionMask = 2147483647;
			files = (
			);
			runOnlyForDeploymentPostprocessing = 0;
		};
		47C571E01A4B5D9F001B4DC2 /* Frameworks */ = {
			isa = PBXFrameworksBuildPhase;
			buildActionMask = 2147483647;
			files = (
			);
			runOnlyForDeploymentPostprocessing = 0;
		};
/* End PBXFrameworksBuildPhase section */

/* Begin PBXGroup section */
		47C571C11A4B5D9F001B4DC2 = {
			isa = PBXGroup;
			children = (
				47C571CC1A4B5D9F001B4DC2 /* SensorProject */,
				47C571E61A4B5D9F001B4DC2 /* SensorProjectTests */,
				47C571CB1A4B5D9F001B4DC2 /* Products */,
			);
			sourceTree = "<group>";
		};
		47C571CB1A4B5D9F001B4DC2 /* Products */ = {
			isa = PBXGroup;
			children = (
				47C571CA1A4B5D9F001B4DC2 /* SensorProject.app */,
				47C571E31A4B5D9F001B4DC2 /* SensorProjectTests.xctest */,
			);
			name = Products;
			sourceTree = "<group>";
		};
		47C571CC1A4B5D9F001B4DC2 /* SensorProject */ = {
			isa = PBXGroup;
			children = (
				47C571D11A4B5D9F001B4DC2 /* AppDelegate.h */,
				47C571D21A4B5D9F001B4DC2 /* AppDelegate.m */,
				47C571D41A4B5D9F001B4DC2 /* ViewController.h */,
				47C571D51A4B5D9F001B4DC2 /* ViewController.m */,
				47C571D71A4B5D9F001B4DC2 /* Main.storyboard */,
				47C571DA1A4B5D9F001B4DC2 /* Images.xcassets */,
				47C571DC1A4B5D9F001B4DC2 /* LaunchScreen.xib */,
				47C571CD1A4B5D9F001B4DC2 /* Supporting Files */,
			);
			path = SensorProject;
			sourceTree = "<group>";
		};
		47C571CD1A4B5D9F001B4DC2 /* Supporting Files */ = {
			isa = PBXGroup;
			children = (
				47C571CE1A4B5D9F001B4DC2 /* Info.plist */,
				47C571CF1A4B5D9F001B4DC2 /* main.m */,
			);
			name = "Supporting Files";
			sourceTree = "<group>";
		};
		47C571E61A4B5D9F001B4DC2 /* SensorProjectTests */ = {
			isa = PBXGroup;
			children = (
				47C571E91A4B5D9F001B4DC2 /* SensorProjectTests.m */,
				47C571E71A4B5D9F001B4DC2 /* Supporting Files */,
			);
			path = SensorProjectTests;
			sourceTree = "<group>";
		};
		47C571E71A4B5D9F001B4DC2 /* Supporting Files */ = {
			isa = PBXGroup;
			children = (
				47C571E81A4B5D9F001B4DC2 /* Info.plist */,
			);
			name = "Supporting Files";
			sourceTree = "<group>";
		};
/* End PBXGroup section */

/* Begin PBXNativeTarget section */
		47C571C91A4B5D9F001B4DC2 /* SensorProject */ = {
			isa = PBXNativeTarget;
			buildConfigurationList = 47C571ED1A4B5D9F001B4DC2 /* Build configuration list for PBXNativeTarget "SensorProject" */;
			buildPhases = (
				47C571C61A4B5D9F001B4DC2 /* Sources */,
				47C571C71A4B5D9F001B4DC2 /* Frameworks */,
				47C571C81A4B5D9F001B4DC2 /* Resources */,
			);
			buildRules = (
			);
			dependencies = (
			);
			name = SensorProject;
			productName = SensorProject;
			productReference = 47C571CA1A4B5D9F001B4DC2 /* SensorProject.app */;
			productType = "com.apple.product-type.application";
		};
		47C571E21A4B5D9F001B4DC2 /* SensorProjectTests */ = {
			isa = PBXNativeTarget;
			buildConfigurationList = 47C571F01A4B5D9F001B4DC2 /* Build configuration list for PBXNativeTarget "SensorProjectTests" */;
			buildPhases = (
				47C571DF1A4B5D9F001B4DC2 /* Sources */,
				47C571E01A4B5D9F001B4DC2 /* Frameworks */,
				47C571E11A4B5D9F001B4DC2 /* Resources */,
			);
			buildRules = (
			);
			dependencies = (
				47C571E51A4B5D9F001B4DC2 /* PBXTargetDependency */,
			);
			name = SensorProjectTests;
			productName = SensorProjectTests;
			productReference = 47C571E31A4B5D9F001B4DC2 /* SensorProjectTests.xctest */;
			productType = "com.apple.product-type.bundle.unit-test";
		};
/* End PBXNativeTarget section */

/* Begin PBXProject section */
		47C571C21A4B5D9F001B4DC2 /* Project object */ = {
			isa = PBXProject;
			attributes = {
				LastUpgradeCheck = 0610;
				ORGANIZATIONNAME = "Ali Ugur Aker";
				TargetAttributes = {
					47C571C91A4B5D9F001B4DC2 = {
						CreatedOnToolsVersion = 6.1.1;
					};
					47C571E21A4B5D9F001B4DC2 = {
						CreatedOnToolsVersion = 6.1.1;
						TestTargetID = 47C571C91A4B5D9F001B4DC2;
					};
				};
			};
			buildConfigurationList = 47C571C51A4B5D9F001B4DC2 /* Build configuration list for PBXProject "SensorProject" */;
			compatibilityVersion = "Xcode 3.2";
			developmentRegion = English;
			hasScannedForEncodings = 0;
			knownRegions = (
				en,
				Base,
			);
			mainGroup = 47C571C11A4B5D9F001B4DC2;
			productRefGroup = 47C571CB1A4B5D9F001B4DC2 /* Products */;
			projectDirPath = "";
			projectRoot = "";
			targets = (
				47C571C91A4B5D9F001B4DC2 /* SensorProject */,
				47C571E21A4B5D9F001B4DC2 /* SensorProjectTests */,
			);
		};
/* End PBXProject section */

/* Begin PBXResourcesBuildPhase section */
		47C571C81A4B5D9F001B4DC2 /* Resources */ = {
			isa = PBXResourcesBuildPhase;
			buildActionMask = 2147483647;
			files = (
				47C571D91A4B5D9F001B4DC2 /* Main.storyboard in Resources */,
				47C571DE1A4B5D9F001B4DC2 /* LaunchScreen.xib in Resources */,
				47C571DB1A4B5D9F001B4DC2 /* Images.xcassets in Resources */,
			);
			runOnlyForDeploymentPostprocessing = 0;
		};
		47C571E11A4B5D9F001B4DC2 /* Resources */ = {
			isa = PBXResourcesBuildPhase;
			buildActionMask = 2147483647;
			files = (
			);
			runOnlyForDeploymentPostprocessing = 0;
		};
/* End PBXResourcesBuildPhase section */

/* Begin PBXSourcesBuildPhase section */
		47C571C61A4B5D9F001B4DC2 /* Sources */ = {
			isa = PBXSourcesBuildPhase;
			buildActionMask = 2147483647;
			files = (
				47C571D61A4B5D9F001B4DC2 /* ViewController.m in Sources */,
				47C571D31A4B5D9F001B4DC2 /* AppDelegate.m in Sources */,
				47C571D01A4B5D9F001B4DC2 /* main.m in Sources */,
			);
			runOnlyForDeploymentPostprocessing = 0;
		};
		47C571DF1A4B5D9F001B4DC2 /* Sources */ = {
			isa = PBXSourcesBuildPhase;
			buildActionMask = 2147483647;
			files = (
				47C571EA1A4B5D9F001B4DC2 /* SensorProjectTests.m in Sources */,
			);
			runOnlyForDeploymentPostprocessing = 0;
		};
/* End PBXSourcesBuildPhase section */

/* Begin PBXTargetDependency section */
		47C571E51A4B5D9F001B4DC2 /* PBXTargetDependency */ = {
			isa = PBXTargetDependency;
			target = 47C571C91A4B5D9F001B4DC2 /* SensorProject */;
			targetProxy = 47C571E41A4B5D9F001B4DC2 /* PBXContainerItemProxy */;
		};
/* End PBXTargetDependency section */

/* Begin PBXVariantGroup section */
		47C571D71A4B5D9F001B4DC2 /* Main.storyboard */ = {
			isa = PBXVariantGroup;
			children = (
				47C571D81A4B5D9F001B4DC2 /* Base */,
			);
			name = Main.storyboard;
			sourceTree = "<group>";
		};
		47C571DC1A4B5D9F001B4DC2 /* LaunchScreen.xib */ = {
			isa = PBXVariantGroup;
			children = (
				47C571DD1A4B5D9F001B4DC2 /* Base */,
			);
			name = LaunchScreen.xib;
			sourceTree = "<group>";
		};
/* End PBXVariantGroup section */

/* Begin XCBuildConfiguration section */
		47C571EB1A4B5D9F001B4DC2 /* Debug */ = {
			isa = XCBuildConfiguration;
			buildSettings = {
				ALWAYS_SEARCH_USER_PATHS = NO;
				CLANG_CXX_LANGUAGE_STANDARD = "gnu++0x";
				CLANG_CXX_LIBRARY = "libc++";
				CLANG_ENABLE_MODULES = YES;
				CLANG_ENABLE_OBJC_ARC = YES;
				CLANG_WARN_BOOL_CONVERSION = YES;
				CLANG_WARN_CONSTANT_CONVERSION = YES;
				CLANG_WARN_DIRECT_OBJC_ISA_USAGE = YES_ERROR;
				CLANG_WARN_EMPTY_BODY = YES;
				CLANG_WARN_ENUM_CONVERSION = YES;
				CLANG_WARN_INT_CONVERSION = YES;
				CLANG_WARN_OBJC_ROOT_CLASS = YES_ERROR;
				CLANG_WARN_UNREACHABLE_CODE = YES;
				CLANG_WARN__DUPLICATE_METHOD_MATCH = YES;
				"CODE_SIGN_IDENTITY[sdk=iphoneos*]" = "iPhone Developer";
				COPY_PHASE_STRIP = NO;
				ENABLE_STRICT_OBJC_MSGSEND = YES;
				GCC_C_LANGUAGE_STANDARD = gnu99;
				GCC_DYNAMIC_NO_PIC = NO;
				GCC_OPTIMIZATION_LEVEL = 0;
				GCC_PREPROCESSOR_DEFINITIONS = (
					"DEBUG=1",
					"$(inherited)",
				);
				GCC_SYMBOLS_PRIVATE_EXTERN = NO;
				GCC_WARN_64_TO_32_BIT_CONVERSION = YES;
				GCC_WARN_ABOUT_RETURN_TYPE = YES_ERROR;
				GCC_WARN_UNDECLARED_SELECTOR = YES;
				GCC_WARN_UNINITIALIZED_AUTOS = YES_AGGRESSIVE;
				GCC_WARN_UNUSED_FUNCTION = YES;
				GCC_WARN_UNUSED_VARIABLE = YES;
				IPHONEOS_DEPLOYMENT_TARGET = 8.1;
				MTL_ENABLE_DEBUG_INFO = YES;
				ONLY_ACTIVE_ARCH = YES;
				SDKROOT = iphoneos;
			};
			name = Debug;
		};
		47C571EC1A4B5D9F001B4DC2 /* Release */ = {
			isa = XCBuildConfiguration;
			buildSettings = {
				ALWAYS_SEARCH_USER_PATHS = NO;
				CLANG_CXX_LANGUAGE_STANDARD = "gnu++0x";
				CLANG_CXX_LIBRARY = "libc++";
				CLANG_ENABLE_MODULES = YES;
				CLANG_ENABLE_OBJC_ARC = YES;
				CLANG_WARN_BOOL_CONVERSION = YES;
				CLANG_WARN_CONSTANT_CONVERSION = YES;
				CLANG_WARN_DIRECT_OBJC_ISA_USAGE = YES_ERROR;
				CLANG_WARN_EMPTY_BODY = YES;
				CLANG_WARN_ENUM_CONVERSION = YES;
				CLANG_WARN_INT_CONVERSION = YES;
				CLANG_WARN_OBJC_ROOT_CLASS = YES_ERROR;
				CLANG_WARN_UNREACHABLE_CODE = YES;
				CLANG_WARN__DUPLICATE_METHOD_MATCH = YES;
				"CODE_SIGN_IDENTITY[sdk=iphoneos*]" = "iPhone Developer";
				COPY_PHASE_STRIP = YES;
				ENABLE_NS_ASSERTIONS = NO;
				ENABLE_STRICT_OBJC_MSGSEND = YES;
				GCC_C_LANGUAGE_STANDARD = gnu99;
				GCC_WARN_64_TO_32_BIT_CONVERSION = YES;
				GCC_WARN_ABOUT_RETURN_TYPE = YES_ERROR;
				GCC_WARN_UNDECLARED_SELECTOR = YES;
				GCC_WARN_UNINITIALIZED_AUTOS = YES_AGGRESSIVE;
				GCC_WARN_UNUSED_FUNCTION = YES;
				GCC_WARN_UNUSED_VARIABLE = YES;
				IPHONEOS_DEPLOYMENT_TARGET = 8.1;
				MTL_ENABLE_DEBUG_INFO = NO;
				SDKROOT = iphoneos;
				VALIDATE_PRODUCT = YES;
			};
			name = Release;
		};
		47C571EE1A4B5D9F001B4DC2 /* Debug */ = {
			isa = XCBuildConfiguration;
			buildSettings = {
				ASSETCATALOG_COMPILER_APPICON_NAME = AppIcon;
				INFOPLIST_FILE = SensorProject/Info.plist;
				LD_RUNPATH_SEARCH_PATHS = "$(inherited) @executable_path/Frameworks";
				PRODUCT_NAME = "$(TARGET_NAME)";
			};
			name = Debug;
		};
		47C571EF1A4B5D9F001B4DC2 /* Release */ = {
			isa = XCBuildConfiguration;
			buildSettings = {
				ASSETCATALOG_COMPILER_APPICON_NAME = AppIcon;
				INFOPLIST_FILE = SensorProject/Info.plist;
				LD_RUNPATH_SEARCH_PATHS = "$(inherited) @executable_path/Frameworks";
				PRODUCT_NAME = "$(TARGET_NAME)";
			};
			name = Release;
		};
		47C571F11A4B5D9F001B4DC2 /* Debug */ = {
			isa = XCBuildConfiguration;
			buildSettings = {
				BUNDLE_LOADER = "$(TEST_HOST)";
				FRAMEWORK_SEARCH_PATHS = (
					"$(SDKROOT)/Developer/Library/Frameworks",
					"$(inherited)",
				);
				GCC_PREPROCESSOR_DEFINITIONS = (
					"DEBUG=1",
					"$(inherited)",
				);
				INFOPLIST_FILE = SensorProjectTests/Info.plist;
				LD_RUNPATH_SEARCH_PATHS = "$(inherited) @executable_path/Frameworks @loader_path/Frameworks";
				PRODUCT_NAME = "$(TARGET_NAME)";
				TEST_HOST = "$(BUILT_PRODUCTS_DIR)/SensorProject.app/SensorProject";
			};
			name = Debug;
		};
		47C571F21A4B5D9F001B4DC2 /* Release */ = {
			isa = XCBuildConfiguration;
			buildSettings = {
				BUNDLE_LOADER = "$(TEST_HOST)";
				FRAMEWORK_SEARCH_PATHS = (
					"$(SDKROOT)/Developer/Library/Frameworks",
					"$(inherited)",
				);
				INFOPLIST_FILE = SensorProjectTests/Info.plist;
				LD_RUNPATH_SEARCH_PATHS = "$(inherited) @executable_path/Frameworks @loader_path/Frameworks";
				PRODUCT_NAME = "$(TARGET_NAME)";
				TEST_HOST = "$(BUILT_PRODUCTS_DIR)/SensorProject.app/SensorProject";
			};
			name = Release;
		};
/* End XCBuildConfiguration section */

/* Begin XCConfigurationList section */
		47C571C51A4B5D9F001B4DC2 /* Build configuration list for PBXProject "SensorProject" */ = {
			isa = XCConfigurationList;
			buildConfigurations = (
				47C571EB1A4B5D9F001B4DC2 /* Debug */,
				47C571EC1A4B5D9F001B4DC2 /* Release */,
			);
			defaultConfigurationIsVisible = 0;
			defaultConfigurationName = Release;
		};
		47C571ED1A4B5D9F001B4DC2 /* Build configuration list for PBXNativeTarget "SensorProject" */ = {
			isa = XCConfigurationList;
			buildConfigurations = (
				47C571EE1A4B5D9F001B4DC2 /* Debug */,
				47C571EF1A4B5D9F001B4DC2 /* Release */,
			);
			defaultConfigurationIsVisible = 0;
		};
		47C571F01A4B5D9F001B4DC2 /* Build configuration list for PBXNativeTarget "SensorProjectTests" */ = {
			isa = XCConfigurationList;
			buildConfigurations = (
				47C571F11A4B5D9F001B4DC2 /* Debug */,
				47C571F21A4B5D9F001B4DC2 /* Release */,
			);
			defaultConfigurationIsVisible = 0;
		};
/* End XCConfigurationList section */
	};
	rootObject = 47C571C21A4B5D9F001B4DC2 /* Project object */;
}
